
Microsoft Visual Studio Solution File, Format Version 12.00
Project("{2150E333-8FDC-42A3-9474-1A3956D46DE8}") = "src", "src", "{826D16E7-557F-4F70-A602-024601579F3A}"
EndProject
Project("{2150E333-8FDC-42A3-9474-1A3956D46DE8}") = "vendor", "vendor", "{3377009A-3758-437A-94D6-301B4B6F6F32}"
EndProject
Project("{FAE04EC0-301F-11D3-BF4B-00C04F79EFBC}") = "Proton", "vendor\Proton\Proton.csproj", "{9BD32FC0-8AD5-4CD1-A1E8-46506455521A}"
EndProject
Project("{FAE04EC0-301F-11D3-BF4B-00C04F79EFBC}") = "Sumsum.Internal", "src\Sumsum.Internal\Sumsum.Internal.csproj", "{46803B0A-7D68-47D1-AAF3-E3817CA626E7}"
EndProject
Project("{8BC9CEB8-8B4A-11D0-8D11-00A0C91BC942}") = "Sumsum.Injector", "src\Sumsum.Injector\Sumsum.Injector.vcxproj", "{AAA5E83D-931B-4CEA-8850-932D6542EEAB}"
EndProject
Global
	GlobalSection(SolutionConfigurationPlatforms) = preSolution
		Debug|Any CPU = Debug|Any CPU
		Release|Any CPU = Release|Any CPU
	EndGlobalSection
	GlobalSection(ProjectConfigurationPlatforms) = postSolution
		{9BD32FC0-8AD5-4CD1-A1E8-46506455521A}.Debug|Any CPU.ActiveCfg = Debug|Any CPU
		{9BD32FC0-8AD5-4CD1-A1E8-46506455521A}.Debug|Any CPU.Build.0 = Debug|Any CPU
		{9BD32FC0-8AD5-4CD1-A1E8-46506455521A}.Release|Any CPU.ActiveCfg = Release|Any CPU
		{9BD32FC0-8AD5-4CD1-A1E8-46506455521A}.Release|Any CPU.Build.0 = Release|Any CPU
		{46803B0A-7D68-47D1-AAF3-E3817CA626E7}.Debug|Any CPU.ActiveCfg = Debug|Any CPU
		{46803B0A-7D68-47D1-AAF3-E3817CA626E7}.Debug|Any CPU.Build.0 = Debug|Any CPU
		{46803B0A-7D68-47D1-AAF3-E3817CA626E7}.Release|Any CPU.ActiveCfg = Release|Any CPU
		{46803B0A-7D68-47D1-AAF3-E3817CA626E7}.Release|Any CPU.Build.0 = Release|Any CPU
		{AAA5E83D-931B-4CEA-8850-932D6542EEAB}.Release|Any CPU.ActiveCfg = Release|Win32
		{AAA5E83D-931B-4CEA-8850-932D6542EEAB}.Release|Any CPU.Build.0 = Release|Win32
		{AAA5E83D-931B-4CEA-8850-932D6542EEAB}.Debug|Any CPU.ActiveCfg = Release|x64
		{AAA5E83D-931B-4CEA-8850-932D6542EEAB}.Debug|Any CPU.Build.0 = Release|x64
	EndGlobalSection
	GlobalSection(NestedProjects) = preSolution
		{9BD32FC0-8AD5-4CD1-A1E8-46506455521A} = {3377009A-3758-437A-94D6-301B4B6F6F32}
		{46803B0A-7D68-47D1-AAF3-E3817CA626E7} = {826D16E7-557F-4F70-A602-024601579F3A}
		{AAA5E83D-931B-4CEA-8850-932D6542EEAB} = {826D16E7-557F-4F70-A602-024601579F3A}
	EndGlobalSection
EndGlobal
